
Microsoft Visual Studio Solution File, Format Version 12.00
Project("{FAE04EC0-301F-11D3-BF4B-00C04F79EFBC}") = "Observer", "Observer\Observer.csproj", "{25ABCB05-6123-484E-ADE1-34F8D7FDD224}"
EndProject
Global
	GlobalSection(SolutionConfigurationPlatforms) = preSolution
		Debug|Any CPU = Debug|Any CPU
		Release|Any CPU = Release|Any CPU
	EndGlobalSection
	GlobalSection(ProjectConfigurationPlatforms) = postSolution
		{25ABCB05-6123-484E-ADE1-34F8D7FDD224}.Release|Any CPU.ActiveCfg = Release|Any CPU
		{25ABCB05-6123-484E-ADE1-34F8D7FDD224}.Release|Any CPU.Build.0 = Release|Any CPU
		{25ABCB05-6123-484E-ADE1-34F8D7FDD224}.Debug|Any CPU.ActiveCfg = Release|Any CPU
		{25ABCB05-6123-484E-ADE1-34F8D7FDD224}.Debug|Any CPU.Build.0 = Release|Any CPU
	EndGlobalSection
EndGlobal
